
Microsoft Visual Studio Solution File, Format Version 12.00
# Visual Studio Version 17
VisualStudioVersion = 17.5.33424.131
MinimumVisualStudioVersion = 10.0.40219.1
Project("{9A19103F-16F7-4668-BE54-9A1E7A4F7556}") = "MyBooks.Web", "MyBooks\MyBooks.Web.csproj", "{0CFD1BF5-1576-4328-B335-8B2F03C1D6A8}"
EndProject
Project("{9A19103F-16F7-4668-BE54-9A1E7A4F7556}") = "Domain", "Domain\Domain.csproj", "{99A043A5-C659-4318-A5A3-BAF660AF270B}"
EndProject
Project("{9A19103F-16F7-4668-BE54-9A1E7A4F7556}") = "Application", "Application\Application.csproj", "{0C10C72D-CBAF-4186-A65C-9C968DAAE986}"
EndProject
Project("{9A19103F-16F7-4668-BE54-9A1E7A4F7556}") = "Infrastructure", "Infrastructure\Infrastructure.csproj", "{5C9FE490-E1A4-434A-B0E5-02121B57420C}"
EndProject
Project("{FAE04EC0-301F-11D3-BF4B-00C04F79EFBC}") = "MyBooksUnitTest", "MyBooksUnitTest\MyBooksUnitTest.csproj", "{E1965968-2958-437F-9D0A-CB9A157DB8CB}"
EndProject
Global
	GlobalSection(SolutionConfigurationPlatforms) = preSolution
		Debug|Any CPU = Debug|Any CPU
		Release|Any CPU = Release|Any CPU
	EndGlobalSection
	GlobalSection(ProjectConfigurationPlatforms) = postSolution
		{0CFD1BF5-1576-4328-B335-8B2F03C1D6A8}.Debug|Any CPU.ActiveCfg = Debug|Any CPU
		{0CFD1BF5-1576-4328-B335-8B2F03C1D6A8}.Debug|Any CPU.Build.0 = Debug|Any CPU
		{0CFD1BF5-1576-4328-B335-8B2F03C1D6A8}.Release|Any CPU.ActiveCfg = Release|Any CPU
		{0CFD1BF5-1576-4328-B335-8B2F03C1D6A8}.Release|Any CPU.Build.0 = Release|Any CPU
		{99A043A5-C659-4318-A5A3-BAF660AF270B}.Debug|Any CPU.ActiveCfg = Debug|Any CPU
		{99A043A5-C659-4318-A5A3-BAF660AF270B}.Debug|Any CPU.Build.0 = Debug|Any CPU
		{99A043A5-C659-4318-A5A3-BAF660AF270B}.Release|Any CPU.ActiveCfg = Release|Any CPU
		{99A043A5-C659-4318-A5A3-BAF660AF270B}.Release|Any CPU.Build.0 = Release|Any CPU
		{0C10C72D-CBAF-4186-A65C-9C968DAAE986}.Debug|Any CPU.ActiveCfg = Debug|Any CPU
		{0C10C72D-CBAF-4186-A65C-9C968DAAE986}.Debug|Any CPU.Build.0 = Debug|Any CPU
		{0C10C72D-CBAF-4186-A65C-9C968DAAE986}.Release|Any CPU.ActiveCfg = Release|Any CPU
		{0C10C72D-CBAF-4186-A65C-9C968DAAE986}.Release|Any CPU.Build.0 = Release|Any CPU
		{5C9FE490-E1A4-434A-B0E5-02121B57420C}.Debug|Any CPU.ActiveCfg = Debug|Any CPU
		{5C9FE490-E1A4-434A-B0E5-02121B57420C}.Debug|Any CPU.Build.0 = Debug|Any CPU
		{5C9FE490-E1A4-434A-B0E5-02121B57420C}.Release|Any CPU.ActiveCfg = Release|Any CPU
		{5C9FE490-E1A4-434A-B0E5-02121B57420C}.Release|Any CPU.Build.0 = Release|Any CPU
		{E1965968-2958-437F-9D0A-CB9A157DB8CB}.Debug|Any CPU.ActiveCfg = Debug|Any CPU
		{E1965968-2958-437F-9D0A-CB9A157DB8CB}.Debug|Any CPU.Build.0 = Debug|Any CPU
		{E1965968-2958-437F-9D0A-CB9A157DB8CB}.Release|Any CPU.ActiveCfg = Release|Any CPU
		{E1965968-2958-437F-9D0A-CB9A157DB8CB}.Release|Any CPU.Build.0 = Release|Any CPU
	EndGlobalSection
	GlobalSection(SolutionProperties) = preSolution
		HideSolutionNode = FALSE
	EndGlobalSection
	GlobalSection(ExtensibilityGlobals) = postSolution
		SolutionGuid = {CCAF6604-EED1-473E-B227-77B715ECFB3B}
	EndGlobalSection
EndGlobal
